
Microsoft Visual Studio Solution File, Format Version 12.00
# Visual Studio 2013
VisualStudioVersion = 12.0.30501.0
MinimumVisualStudioVersion = 10.0.40219.1
Project("{FAE04EC0-301F-11D3-BF4B-00C04F79EFBC}") = "CommonTypeSystem", "CommonTypeSystem\CommonTypeSystem.csproj", "{91D7AD76-DDB0-4F62-BFD1-4487F575027C}"
EndProject
Project("{FAE04EC0-301F-11D3-BF4B-00C04F79EFBC}") = "1.Customer", "1.Customer\1.Customer.csproj", "{A76B72A6-4889-44C4-83D4-280E1E8E2754}"
EndProject
Project("{FAE04EC0-301F-11D3-BF4B-00C04F79EFBC}") = "2.StringDisperser", "2.StringDisperser\2.StringDisperser.csproj", "{C9A24AD1-C1CA-47F9-B916-6BDA0262B896}"
EndProject
Global
	GlobalSection(SolutionConfigurationPlatforms) = preSolution
		Debug|Any CPU = Debug|Any CPU
		Release|Any CPU = Release|Any CPU
	EndGlobalSection
	GlobalSection(ProjectConfigurationPlatforms) = postSolution
		{91D7AD76-DDB0-4F62-BFD1-4487F575027C}.Debug|Any CPU.ActiveCfg = Debug|Any CPU
		{91D7AD76-DDB0-4F62-BFD1-4487F575027C}.Debug|Any CPU.Build.0 = Debug|Any CPU
		{91D7AD76-DDB0-4F62-BFD1-4487F575027C}.Release|Any CPU.ActiveCfg = Release|Any CPU
		{91D7AD76-DDB0-4F62-BFD1-4487F575027C}.Release|Any CPU.Build.0 = Release|Any CPU
		{A76B72A6-4889-44C4-83D4-280E1E8E2754}.Debug|Any CPU.ActiveCfg = Debug|Any CPU
		{A76B72A6-4889-44C4-83D4-280E1E8E2754}.Debug|Any CPU.Build.0 = Debug|Any CPU
		{A76B72A6-4889-44C4-83D4-280E1E8E2754}.Release|Any CPU.ActiveCfg = Release|Any CPU
		{A76B72A6-4889-44C4-83D4-280E1E8E2754}.Release|Any CPU.Build.0 = Release|Any CPU
		{C9A24AD1-C1CA-47F9-B916-6BDA0262B896}.Debug|Any CPU.ActiveCfg = Debug|Any CPU
		{C9A24AD1-C1CA-47F9-B916-6BDA0262B896}.Debug|Any CPU.Build.0 = Debug|Any CPU
		{C9A24AD1-C1CA-47F9-B916-6BDA0262B896}.Release|Any CPU.ActiveCfg = Release|Any CPU
		{C9A24AD1-C1CA-47F9-B916-6BDA0262B896}.Release|Any CPU.Build.0 = Release|Any CPU
	EndGlobalSection
	GlobalSection(SolutionProperties) = preSolution
		HideSolutionNode = FALSE
	EndGlobalSection
EndGlobal
