
Microsoft Visual Studio Solution File, Format Version 12.00
# Visual Studio 2013
VisualStudioVersion = 12.0.30501.0
MinimumVisualStudioVersion = 10.0.40219.1
Project("{FAE04EC0-301F-11D3-BF4B-00C04F79EFBC}") = "ExceptionHandling", "ExceptionHandling\ExceptionHandling.csproj", "{888F49C7-7E39-4140-9F7E-C9E99471BF7A}"
EndProject
Project("{FAE04EC0-301F-11D3-BF4B-00C04F79EFBC}") = "1.Square Root", "1.Square Root\1.Square Root.csproj", "{1F5E7515-78A7-482F-8E75-BD507A239206}"
EndProject
Project("{FAE04EC0-301F-11D3-BF4B-00C04F79EFBC}") = "2.EnterNumbers", "2.EnterNumbers\2.EnterNumbers.csproj", "{D365DCBC-C400-485D-AA56-B0FA8829732E}"
EndProject
Global
	GlobalSection(SolutionConfigurationPlatforms) = preSolution
		Debug|Any CPU = Debug|Any CPU
		Release|Any CPU = Release|Any CPU
	EndGlobalSection
	GlobalSection(ProjectConfigurationPlatforms) = postSolution
		{888F49C7-7E39-4140-9F7E-C9E99471BF7A}.Debug|Any CPU.ActiveCfg = Debug|Any CPU
		{888F49C7-7E39-4140-9F7E-C9E99471BF7A}.Debug|Any CPU.Build.0 = Debug|Any CPU
		{888F49C7-7E39-4140-9F7E-C9E99471BF7A}.Release|Any CPU.ActiveCfg = Release|Any CPU
		{888F49C7-7E39-4140-9F7E-C9E99471BF7A}.Release|Any CPU.Build.0 = Release|Any CPU
		{1F5E7515-78A7-482F-8E75-BD507A239206}.Debug|Any CPU.ActiveCfg = Debug|Any CPU
		{1F5E7515-78A7-482F-8E75-BD507A239206}.Debug|Any CPU.Build.0 = Debug|Any CPU
		{1F5E7515-78A7-482F-8E75-BD507A239206}.Release|Any CPU.ActiveCfg = Release|Any CPU
		{1F5E7515-78A7-482F-8E75-BD507A239206}.Release|Any CPU.Build.0 = Release|Any CPU
		{D365DCBC-C400-485D-AA56-B0FA8829732E}.Debug|Any CPU.ActiveCfg = Debug|Any CPU
		{D365DCBC-C400-485D-AA56-B0FA8829732E}.Debug|Any CPU.Build.0 = Debug|Any CPU
		{D365DCBC-C400-485D-AA56-B0FA8829732E}.Release|Any CPU.ActiveCfg = Release|Any CPU
		{D365DCBC-C400-485D-AA56-B0FA8829732E}.Release|Any CPU.Build.0 = Release|Any CPU
	EndGlobalSection
	GlobalSection(SolutionProperties) = preSolution
		HideSolutionNode = FALSE
	EndGlobalSection
EndGlobal
